{
  "name": "gigablob",
  "version": "1.0.0",
  "lockfileVersion": 3,
  "requires": true,
  "packages": {
    "": {
      "name": "gigablob",
      "version": "1.0.0",
      "license": "ISC",
      "dependencies": {
        "@ethereumjs/tx": "5.2.1",
        "@ethereumjs/vm": "7.2.1",
        "axios": "^1.6.8",
        "c-kzg": "^2.1.2",
        "dotenv": "^16.4.5",
        "ethers": "^6.11.1",
        "solc": "^0.8.25"
      }
    },
    "node_modules/@adraffy/ens-normalize": {
      "version": "1.10.1",
      "resolved": "https://registry.npmjs.org/@adraffy/ens-normalize/-/ens-normalize-1.10.1.tgz",
      "integrity": "sha512-96Z2IP3mYmF1Xg2cDm8f1gWGf/HUVedQ3FMifV4kG/PQ4yEP51xDtRAEfhVNt5f/uzpNkZHwWQuUcu6D6K+Ekw=="
    },
    "node_modules/@ethereumjs/block": {
      "version": "5.2.0",
      "resolved": "https://registry.npmjs.org/@ethereumjs/block/-/block-5.2.0.tgz",
      "integrity": "sha512-NuVDtD58zyjm5lO3AKPaelzX9VywNwRpDF7WTCY0SKFlD5OeewK5Rdb6LWhwmdQ0ngiIg0Nh/36AQ/8W1nEhjw==",
      "dependencies": {
        "@ethereumjs/common": "^4.3.0",
        "@ethereumjs/rlp": "^5.0.2",
        "@ethereumjs/trie": "^6.2.0",
        "@ethereumjs/tx": "^5.3.0",
        "@ethereumjs/util": "^9.0.3",
        "ethereum-cryptography": "^2.1.3"
      },
      "engines": {
        "node": ">=18"
      }
    },
    "node_modules/@ethereumjs/block/node_modules/@ethereumjs/tx": {
      "version": "5.3.0",
      "resolved": "https://registry.npmjs.org/@ethereumjs/tx/-/tx-5.3.0.tgz",
      "integrity": "sha512-uv++XYuIfuqYbvymL3/o14hHuC6zX0nRQ1nI2FHsbkkorLZ2ChEIDqVeeVk7Xc9/jQNU/22sk9qZZkRlsveXxw==",
      "dependencies": {
        "@ethereumjs/common": "^4.3.0",
        "@ethereumjs/rlp": "^5.0.2",
        "@ethereumjs/util": "^9.0.3",
        "ethereum-cryptography": "^2.1.3"
      },
      "engines": {
        "node": ">=18"
      }
    },
    "node_modules/@ethereumjs/blockchain": {
      "version": "7.2.0",
      "resolved": "https://registry.npmjs.org/@ethereumjs/blockchain/-/blockchain-7.2.0.tgz",
      "integrity": "sha512-VIylDQR81n1a0BpDZwihGNYHQdxPpz2LfQ4m2jGRtLnY6mu3PEdrriikVN4VKjRDsWInr5Pcz2u2CJsriVXusQ==",
      "dependencies": {
        "@ethereumjs/block": "^5.2.0",
        "@ethereumjs/common": "^4.3.0",
        "@ethereumjs/ethash": "^3.0.3",
        "@ethereumjs/rlp": "^5.0.2",
        "@ethereumjs/trie": "^6.2.0",
        "@ethereumjs/tx": "^5.3.0",
        "@ethereumjs/util": "^9.0.3",
        "debug": "^4.3.3",
        "ethereum-cryptography": "^2.1.3",
        "lru-cache": "10.1.0"
      },
      "engines": {
        "node": ">=18"
      }
    },
    "node_modules/@ethereumjs/blockchain/node_modules/@ethereumjs/tx": {
      "version": "5.3.0",
      "resolved": "https://registry.npmjs.org/@ethereumjs/tx/-/tx-5.3.0.tgz",
      "integrity": "sha512-uv++XYuIfuqYbvymL3/o14hHuC6zX0nRQ1nI2FHsbkkorLZ2ChEIDqVeeVk7Xc9/jQNU/22sk9qZZkRlsveXxw==",
      "dependencies": {
        "@ethereumjs/common": "^4.3.0",
        "@ethereumjs/rlp": "^5.0.2",
        "@ethereumjs/util": "^9.0.3",
        "ethereum-cryptography": "^2.1.3"
      },
      "engines": {
        "node": ">=18"
      }
    },
    "node_modules/@ethereumjs/common": {
      "version": "4.3.0",
      "resolved": "https://registry.npmjs.org/@ethereumjs/common/-/common-4.3.0.tgz",
      "integrity": "sha512-shBNJ0ewcPNTUfZduHiczPmqkfJDn0Dh/9BR5fq7xUFTuIq7Fu1Vx00XDwQVIrpVL70oycZocOhBM6nDO+4FEQ==",
      "dependencies": {
        "@ethereumjs/util": "^9.0.3"
      }
    },
    "node_modules/@ethereumjs/ethash": {
      "version": "3.0.3",
      "resolved": "https://registry.npmjs.org/@ethereumjs/ethash/-/ethash-3.0.3.tgz",
      "integrity": "sha512-AYW1HviuHmmgl/DlbzC50i7P5/XxMofxXSMfGmC8717WO3fvjAClYrwsHETtpuETkwwVNW4sY+4m2HR13K226w==",
      "dependencies": {
        "@ethereumjs/block": "^5.2.0",
        "@ethereumjs/rlp": "^5.0.2",
        "@ethereumjs/util": "^9.0.3",
        "bigint-crypto-utils": "^3.2.2",
        "ethereum-cryptography": "^2.1.3"
      },
      "engines": {
        "node": ">=18"
      }
    },
    "node_modules/@ethereumjs/evm": {
      "version": "2.2.1",
      "resolved": "https://registry.npmjs.org/@ethereumjs/evm/-/evm-2.2.1.tgz",
      "integrity": "sha512-equF3QqssDgfZyVDEoMqJUsMCjO9SwgFdpUTc7yHFOU74X43l/MHM+Cqdey+wcBhdU2yOwD9S2AbW6wh7tDYfQ==",
      "dependencies": {
        "@ethereumjs/common": "^4.2.0",
        "@ethereumjs/statemanager": "^2.2.2",
        "@ethereumjs/tx": "^5.2.1",
        "@ethereumjs/util": "^9.0.2",
        "@types/debug": "^4.1.9",
        "debug": "^4.3.3",
        "ethereum-cryptography": "^2.1.3",
        "rustbn-wasm": "^0.2.0"
      },
      "engines": {
        "node": ">=18"
      }
    },
    "node_modules/@ethereumjs/rlp": {
      "version": "5.0.2",
      "resolved": "https://registry.npmjs.org/@ethereumjs/rlp/-/rlp-5.0.2.tgz",
      "integrity": "sha512-DziebCdg4JpGlEqEdGgXmjqcFoJi+JGulUXwEjsZGAscAQ7MyD/7LE/GVCP29vEQxKc7AAwjT3A2ywHp2xfoCA==",
      "bin": {
        "rlp": "bin/rlp.cjs"
      },
      "engines": {
        "node": ">=18"
      }
    },
    "node_modules/@ethereumjs/statemanager": {
      "version": "2.3.0",
      "resolved": "https://registry.npmjs.org/@ethereumjs/statemanager/-/statemanager-2.3.0.tgz",
      "integrity": "sha512-mHxbtvjN126qwT+dqA5Vev99QR4L+RD/BeZEnFbPsEDrBflMssLMaXZahKzQnMu5iqGOc1KLtT0g1ONl6+JpCA==",
      "dependencies": {
        "@ethereumjs/common": "^4.3.0",
        "@ethereumjs/rlp": "^5.0.2",
        "@ethereumjs/trie": "^6.2.0",
        "@ethereumjs/util": "^9.0.3",
        "@ethereumjs/verkle": "^0.0.2",
        "debug": "^4.3.3",
        "ethereum-cryptography": "^2.1.3",
        "js-sdsl": "^4.1.4",
        "lru-cache": "10.1.0"
      }
    },
    "node_modules/@ethereumjs/trie": {
      "version": "6.2.0",
      "resolved": "https://registry.npmjs.org/@ethereumjs/trie/-/trie-6.2.0.tgz",
      "integrity": "sha512-4k9SrfIBTMi8MROXglKxk+jS15qcELUeLwI+NnKJOTCdci2ArhoQpiuRHT6aeXB+2P2cWX2OQHbSVtW9AqabDQ==",
      "dependencies": {
        "@ethereumjs/rlp": "^5.0.2",
        "@ethereumjs/util": "^9.0.3",
        "@types/readable-stream": "^2.3.13",
        "debug": "^4.3.4",
        "ethereum-cryptography": "^2.1.3",
        "lru-cache": "10.1.0",
        "readable-stream": "^3.6.0"
      },
      "engines": {
        "node": ">=18"
      }
    },
    "node_modules/@ethereumjs/tx": {
      "version": "5.2.1",
      "resolved": "https://registry.npmjs.org/@ethereumjs/tx/-/tx-5.2.1.tgz",
      "integrity": "sha512-BzdtUaa7KtP8T5NxJWRxo/RBoJzxYeCdx2n2C4zZLuWJBYVccfcyMiyDgr6W78Utmu/jIfGXknfh2t06+rTkiw==",
      "dependencies": {
        "@ethereumjs/common": "^4.2.0",
        "@ethereumjs/rlp": "^5.0.2",
        "@ethereumjs/util": "^9.0.2",
        "ethereum-cryptography": "^2.1.3"
      },
      "engines": {
        "node": ">=18"
      },
      "peerDependencies": {
        "c-kzg": "^2.1.2"
      },
      "peerDependenciesMeta": {
        "c-kzg": {
          "optional": true
        }
      }
    },
    "node_modules/@ethereumjs/util": {
      "version": "9.0.3",
      "resolved": "https://registry.npmjs.org/@ethereumjs/util/-/util-9.0.3.tgz",
      "integrity": "sha512-PmwzWDflky+7jlZIFqiGsBPap12tk9zK5SVH9YW2OEnDN7OEhCjUOMzbOqwuClrbkSIkM2ERivd7sXZ48Rh/vg==",
      "dependencies": {
        "@ethereumjs/rlp": "^5.0.2",
        "ethereum-cryptography": "^2.1.3"
      },
      "engines": {
        "node": ">=18"
      }
    },
    "node_modules/@ethereumjs/verkle": {
      "version": "0.0.2",
      "resolved": "https://registry.npmjs.org/@ethereumjs/verkle/-/verkle-0.0.2.tgz",
      "integrity": "sha512-uUVdUJnkugHBHz6aNRBzQZCqZGtjDigfMYtJ7GfjWN0g7hIftnNWn1NEWRU7Fi+ypD8fvedrV5wcZ20Uofmz2Q==",
      "dependencies": {
        "@ethereumjs/rlp": "^5.0.2",
        "@ethereumjs/util": "^9.0.3",
        "lru-cache": "^10.0.0",
        "rust-verkle-wasm": "^0.0.1"
      },
      "engines": {
        "node": ">=18"
      }
    },
    "node_modules/@ethereumjs/vm": {
      "version": "7.2.1",
      "resolved": "https://registry.npmjs.org/@ethereumjs/vm/-/vm-7.2.1.tgz",
      "integrity": "sha512-exmyhDPlfiBtV/nIPY7gE5iu3QC62F7hf/fALLgQaUS8ezxmJQG2MRaFI1eqYwvsAhfNBfst7K6KcCE4jbGbhw==",
      "dependencies": {
        "@ethereumjs/block": "^5.1.1",
        "@ethereumjs/blockchain": "^7.1.0",
        "@ethereumjs/common": "^4.2.0",
        "@ethereumjs/evm": "^2.2.1",
        "@ethereumjs/rlp": "^5.0.2",
        "@ethereumjs/statemanager": "^2.2.2",
        "@ethereumjs/trie": "^6.1.1",
        "@ethereumjs/tx": "^5.2.1",
        "@ethereumjs/util": "^9.0.2",
        "debug": "^4.3.3",
        "ethereum-cryptography": "^2.1.3"
      },
      "engines": {
        "node": ">=18"
      }
    },
    "node_modules/@noble/curves": {
      "version": "1.3.0",
      "resolved": "https://registry.npmjs.org/@noble/curves/-/curves-1.3.0.tgz",
      "integrity": "sha512-t01iSXPuN+Eqzb4eBX0S5oubSqXbK/xXa1Ne18Hj8f9pStxztHCE2gfboSp/dZRLSqfuLpRK2nDXDK+W9puocA==",
      "dependencies": {
        "@noble/hashes": "1.3.3"
      },
      "funding": {
        "url": "https://paulmillr.com/funding/"
      }
    },
    "node_modules/@noble/hashes": {
      "version": "1.3.3",
      "resolved": "https://registry.npmjs.org/@noble/hashes/-/hashes-1.3.3.tgz",
      "integrity": "sha512-V7/fPHgl+jsVPXqqeOzT8egNj2iBIVt+ECeMMG8TdcnTikP3oaBtUVqpT/gYCR68aEBJSF+XbYUxStjbFMqIIA==",
      "engines": {
        "node": ">= 16"
      },
      "funding": {
        "url": "https://paulmillr.com/funding/"
      }
    },
    "node_modules/@scure/base": {
      "version": "1.1.6",
      "resolved": "https://registry.npmjs.org/@scure/base/-/base-1.1.6.tgz",
      "integrity": "sha512-ok9AWwhcgYuGG3Zfhyqg+zwl+Wn5uE+dwC0NV/2qQkx4dABbb/bx96vWu8NSj+BNjjSjno+JRYRjle1jV08k3g==",
      "funding": {
        "url": "https://paulmillr.com/funding/"
      }
    },
    "node_modules/@scure/bip32": {
      "version": "1.3.3",
      "resolved": "https://registry.npmjs.org/@scure/bip32/-/bip32-1.3.3.tgz",
      "integrity": "sha512-LJaN3HwRbfQK0X1xFSi0Q9amqOgzQnnDngIt+ZlsBC3Bm7/nE7K0kwshZHyaru79yIVRv/e1mQAjZyuZG6jOFQ==",
      "dependencies": {
        "@noble/curves": "~1.3.0",
        "@noble/hashes": "~1.3.2",
        "@scure/base": "~1.1.4"
      },
      "funding": {
        "url": "https://paulmillr.com/funding/"
      }
    },
    "node_modules/@scure/bip39": {
      "version": "1.2.2",
      "resolved": "https://registry.npmjs.org/@scure/bip39/-/bip39-1.2.2.tgz",
      "integrity": "sha512-HYf9TUXG80beW+hGAt3TRM8wU6pQoYur9iNypTROm42dorCGmLnFe3eWjz3gOq6G62H2WRh0FCzAR1PI+29zIA==",
      "dependencies": {
        "@noble/hashes": "~1.3.2",
        "@scure/base": "~1.1.4"
      },
      "funding": {
        "url": "https://paulmillr.com/funding/"
      }
    },
    "node_modules/@types/debug": {
      "version": "4.1.12",
      "resolved": "https://registry.npmjs.org/@types/debug/-/debug-4.1.12.tgz",
      "integrity": "sha512-vIChWdVG3LG1SMxEvI/AK+FWJthlrqlTu7fbrlywTkkaONwk/UAGaULXRlf8vkzFBLVm0zkMdCquhL5aOjhXPQ==",
      "dependencies": {
        "@types/ms": "*"
      }
    },
    "node_modules/@types/ms": {
      "version": "0.7.34",
      "resolved": "https://registry.npmjs.org/@types/ms/-/ms-0.7.34.tgz",
      "integrity": "sha512-nG96G3Wp6acyAgJqGasjODb+acrI7KltPiRxzHPXnP3NgI28bpQDRv53olbqGXbfcgF5aiiHmO3xpwEpS5Ld9g=="
    },
    "node_modules/@types/node": {
      "version": "20.11.30",
      "resolved": "https://registry.npmjs.org/@types/node/-/node-20.11.30.tgz",
      "integrity": "sha512-dHM6ZxwlmuZaRmUPfv1p+KrdD1Dci04FbdEm/9wEMouFqxYoFl5aMkt0VMAUtYRQDyYvD41WJLukhq/ha3YuTw==",
      "dependencies": {
        "undici-types": "~5.26.4"
      }
    },
    "node_modules/@types/readable-stream": {
      "version": "2.3.15",
      "resolved": "https://registry.npmjs.org/@types/readable-stream/-/readable-stream-2.3.15.tgz",
      "integrity": "sha512-oM5JSKQCcICF1wvGgmecmHldZ48OZamtMxcGGVICOJA8o8cahXC1zEVAif8iwoc5j8etxFaRFnf095+CDsuoFQ==",
      "dependencies": {
        "@types/node": "*",
        "safe-buffer": "~5.1.1"
      }
    },
    "node_modules/aes-js": {
      "version": "4.0.0-beta.5",
      "resolved": "https://registry.npmjs.org/aes-js/-/aes-js-4.0.0-beta.5.tgz",
      "integrity": "sha512-G965FqalsNyrPqgEGON7nIx1e/OVENSgiEIzyC63haUMuvNnwIgIjMs52hlTCKhkBny7A2ORNlfY9Zu+jmGk1Q=="
    },
    "node_modules/asynckit": {
      "version": "0.4.0",
      "resolved": "https://registry.npmjs.org/asynckit/-/asynckit-0.4.0.tgz",
      "integrity": "sha512-Oei9OH4tRh0YqU3GxhX79dM/mwVgvbZJaSNaRk+bshkj0S5cfHcgYakreBjrHwatXKbz+IoIdYLxrKim2MjW0Q=="
    },
    "node_modules/axios": {
      "version": "1.6.8",
      "resolved": "https://registry.npmjs.org/axios/-/axios-1.6.8.tgz",
      "integrity": "sha512-v/ZHtJDU39mDpyBoFVkETcd/uNdxrWRrg3bKpOKzXFA6Bvqopts6ALSMU3y6ijYxbw2B+wPrIv46egTzJXCLGQ==",
      "dependencies": {
        "follow-redirects": "^1.15.6",
        "form-data": "^4.0.0",
        "proxy-from-env": "^1.1.0"
      }
    },
    "node_modules/bigint-crypto-utils": {
      "version": "3.3.0",
      "resolved": "https://registry.npmjs.org/bigint-crypto-utils/-/bigint-crypto-utils-3.3.0.tgz",
      "integrity": "sha512-jOTSb+drvEDxEq6OuUybOAv/xxoh3cuYRUIPyu8sSHQNKM303UQ2R1DAo45o1AkcIXw6fzbaFI1+xGGdaXs2lg==",
      "engines": {
        "node": ">=14.0.0"
      }
    },
    "node_modules/bindings": {
      "version": "1.5.0",
      "resolved": "https://registry.npmjs.org/bindings/-/bindings-1.5.0.tgz",
      "integrity": "sha512-p2q/t/mhvuOj/UeLlV6566GD/guowlr0hHxClI0W9m7MWYkL1F0hLo+0Aexs9HSPCtR1SXQ0TD3MMKrXZajbiQ==",
      "dependencies": {
        "file-uri-to-path": "1.0.0"
      }
    },
    "node_modules/c-kzg": {
      "version": "2.1.2",
      "resolved": "https://registry.npmjs.org/c-kzg/-/c-kzg-2.1.2.tgz",
      "integrity": "sha512-QmP4vTp5H2hN4mkKXF9VXtZ7k7oH1kmBxLiFT/7LcyE78RgX32zvPGfwtRAsrq/b3T6RZFIsHZvQEN7JdzoNOg==",
      "hasInstallScript": true,
      "dependencies": {
        "bindings": "^1.5.0",
        "node-addon-api": "^5.0.0"
      }
    },
    "node_modules/combined-stream": {
      "version": "1.0.8",
      "resolved": "https://registry.npmjs.org/combined-stream/-/combined-stream-1.0.8.tgz",
      "integrity": "sha512-FQN4MRfuJeHf7cBbBMJFXhKSDq+2kAArBlmRBvcvFE5BB1HZKXtSFASDhdlz9zOYwxh8lDdnvmMOe/+5cdoEdg==",
      "dependencies": {
        "delayed-stream": "~1.0.0"
      },
      "engines": {
        "node": ">= 0.8"
      }
    },
    "node_modules/command-exists": {
      "version": "1.2.9",
      "resolved": "https://registry.npmjs.org/command-exists/-/command-exists-1.2.9.tgz",
      "integrity": "sha512-LTQ/SGc+s0Xc0Fu5WaKnR0YiygZkm9eKFvyS+fRsU7/ZWFF8ykFM6Pc9aCVf1+xasOOZpO3BAVgVrKvsqKHV7w=="
    },
    "node_modules/commander": {
      "version": "8.3.0",
      "resolved": "https://registry.npmjs.org/commander/-/commander-8.3.0.tgz",
      "integrity": "sha512-OkTL9umf+He2DZkUq8f8J9of7yL6RJKI24dVITBmNfZBmri9zYZQrKkuXiKhyfPSu8tUhnVBB1iKXevvnlR4Ww==",
      "engines": {
        "node": ">= 12"
      }
    },
    "node_modules/debug": {
      "version": "4.3.4",
      "resolved": "https://registry.npmjs.org/debug/-/debug-4.3.4.tgz",
      "integrity": "sha512-PRWFHuSU3eDtQJPvnNY7Jcket1j0t5OuOsFzPPzsekD52Zl8qUfFIPEiswXqIvHWGVHOgX+7G/vCNNhehwxfkQ==",
      "dependencies": {
        "ms": "2.1.2"
      },
      "engines": {
        "node": ">=6.0"
      },
      "peerDependenciesMeta": {
        "supports-color": {
          "optional": true
        }
      }
    },
    "node_modules/delayed-stream": {
      "version": "1.0.0",
      "resolved": "https://registry.npmjs.org/delayed-stream/-/delayed-stream-1.0.0.tgz",
      "integrity": "sha512-ZySD7Nf91aLB0RxL4KGrKHBXl7Eds1DAmEdcoVawXnLD7SDhpNgtuII2aAkg7a7QS41jxPSZ17p4VdGnMHk3MQ==",
      "engines": {
        "node": ">=0.4.0"
      }
    },
    "node_modules/dotenv": {
      "version": "16.4.5",
      "resolved": "https://registry.npmjs.org/dotenv/-/dotenv-16.4.5.tgz",
      "integrity": "sha512-ZmdL2rui+eB2YwhsWzjInR8LldtZHGDoQ1ugH85ppHKwpUHL7j7rN0Ti9NCnGiQbhaZ11FpR+7ao1dNsmduNUg==",
      "engines": {
        "node": ">=12"
      },
      "funding": {
        "url": "https://dotenvx.com"
      }
    },
    "node_modules/ethereum-cryptography": {
      "version": "2.1.3",
      "resolved": "https://registry.npmjs.org/ethereum-cryptography/-/ethereum-cryptography-2.1.3.tgz",
      "integrity": "sha512-BlwbIL7/P45W8FGW2r7LGuvoEZ+7PWsniMvQ4p5s2xCyw9tmaDlpfsN9HjAucbF+t/qpVHwZUisgfK24TCW8aA==",
      "dependencies": {
        "@noble/curves": "1.3.0",
        "@noble/hashes": "1.3.3",
        "@scure/bip32": "1.3.3",
        "@scure/bip39": "1.2.2"
      }
    },
    "node_modules/ethers": {
      "version": "6.11.1",
      "resolved": "https://registry.npmjs.org/ethers/-/ethers-6.11.1.tgz",
      "integrity": "sha512-mxTAE6wqJQAbp5QAe/+o+rXOID7Nw91OZXvgpjDa1r4fAbq2Nu314oEZSbjoRLacuCzs7kUC3clEvkCQowffGg==",
      "funding": [
        {
          "type": "individual",
          "url": "https://github.com/sponsors/ethers-io/"
        },
        {
          "type": "individual",
          "url": "https://www.buymeacoffee.com/ricmoo"
        }
      ],
      "dependencies": {
        "@adraffy/ens-normalize": "1.10.1",
        "@noble/curves": "1.2.0",
        "@noble/hashes": "1.3.2",
        "@types/node": "18.15.13",
        "aes-js": "4.0.0-beta.5",
        "tslib": "2.4.0",
        "ws": "8.5.0"
      },
      "engines": {
        "node": ">=14.0.0"
      }
    },
    "node_modules/ethers/node_modules/@noble/curves": {
      "version": "1.2.0",
      "resolved": "https://registry.npmjs.org/@noble/curves/-/curves-1.2.0.tgz",
      "integrity": "sha512-oYclrNgRaM9SsBUBVbb8M6DTV7ZHRTKugureoYEncY5c65HOmRzvSiTE3y5CYaPYJA/GVkrhXEoF0M3Ya9PMnw==",
      "dependencies": {
        "@noble/hashes": "1.3.2"
      },
      "funding": {
        "url": "https://paulmillr.com/funding/"
      }
    },
    "node_modules/ethers/node_modules/@noble/hashes": {
      "version": "1.3.2",
      "resolved": "https://registry.npmjs.org/@noble/hashes/-/hashes-1.3.2.tgz",
      "integrity": "sha512-MVC8EAQp7MvEcm30KWENFjgR+Mkmf+D189XJTkFIlwohU5hcBbn1ZkKq7KVTi2Hme3PMGF390DaL52beVrIihQ==",
      "engines": {
        "node": ">= 16"
      },
      "funding": {
        "url": "https://paulmillr.com/funding/"
      }
    },
    "node_modules/ethers/node_modules/@types/node": {
      "version": "18.15.13",
      "resolved": "https://registry.npmjs.org/@types/node/-/node-18.15.13.tgz",
      "integrity": "sha512-N+0kuo9KgrUQ1Sn/ifDXsvg0TTleP7rIy4zOBGECxAljqvqfqpTfzx0Q1NUedOixRMBfe2Whhb056a42cWs26Q=="
    },
    "node_modules/file-uri-to-path": {
      "version": "1.0.0",
      "resolved": "https://registry.npmjs.org/file-uri-to-path/-/file-uri-to-path-1.0.0.tgz",
      "integrity": "sha512-0Zt+s3L7Vf1biwWZ29aARiVYLx7iMGnEUl9x33fbB/j3jR81u/O2LbqK+Bm1CDSNDKVtJ/YjwY7TUd5SkeLQLw=="
    },
    "node_modules/follow-redirects": {
      "version": "1.15.6",
      "resolved": "https://registry.npmjs.org/follow-redirects/-/follow-redirects-1.15.6.tgz",
      "integrity": "sha512-wWN62YITEaOpSK584EZXJafH1AGpO8RVgElfkuXbTOrPX4fIfOyEpW/CsiNd8JdYrAoOvafRTOEnvsO++qCqFA==",
      "funding": [
        {
          "type": "individual",
          "url": "https://github.com/sponsors/RubenVerborgh"
        }
      ],
      "engines": {
        "node": ">=4.0"
      },
      "peerDependenciesMeta": {
        "debug": {
          "optional": true
        }
      }
    },
    "node_modules/form-data": {
      "version": "4.0.0",
      "resolved": "https://registry.npmjs.org/form-data/-/form-data-4.0.0.tgz",
      "integrity": "sha512-ETEklSGi5t0QMZuiXoA/Q6vcnxcLQP5vdugSpuAyi6SVGi2clPPp+xgEhuMaHC+zGgn31Kd235W35f7Hykkaww==",
      "dependencies": {
        "asynckit": "^0.4.0",
        "combined-stream": "^1.0.8",
        "mime-types": "^2.1.12"
      },
      "engines": {
        "node": ">= 6"
      }
    },
    "node_modules/inherits": {
      "version": "2.0.4",
      "resolved": "https://registry.npmjs.org/inherits/-/inherits-2.0.4.tgz",
      "integrity": "sha512-k/vGaX4/Yla3WzyMCvTQOXYeIHvqOKtnqBduzTHpzpQZzAskKMhZ2K+EnBiSM9zGSoIFeMpXKxa4dYeZIQqewQ=="
    },
    "node_modules/js-sdsl": {
      "version": "4.4.2",
      "resolved": "https://registry.npmjs.org/js-sdsl/-/js-sdsl-4.4.2.tgz",
      "integrity": "sha512-dwXFwByc/ajSV6m5bcKAPwe4yDDF6D614pxmIi5odytzxRlwqF6nwoiCek80Ixc7Cvma5awClxrzFtxCQvcM8w==",
      "funding": {
        "type": "opencollective",
        "url": "https://opencollective.com/js-sdsl"
      }
    },
    "node_modules/js-sha3": {
      "version": "0.8.0",
      "resolved": "https://registry.npmjs.org/js-sha3/-/js-sha3-0.8.0.tgz",
      "integrity": "sha512-gF1cRrHhIzNfToc802P800N8PpXS+evLLXfsVpowqmAFR9uwbi89WvXg2QspOmXL8QL86J4T1EpFu+yUkwJY3Q=="
    },
    "node_modules/lru-cache": {
      "version": "10.1.0",
      "resolved": "https://registry.npmjs.org/lru-cache/-/lru-cache-10.1.0.tgz",
      "integrity": "sha512-/1clY/ui8CzjKFyjdvwPWJUYKiFVXG2I2cY0ssG7h4+hwk+XOIX7ZSG9Q7TW8TW3Kp3BUSqgFWBLgL4PJ+Blag==",
      "engines": {
        "node": "14 || >=16.14"
      }
    },
    "node_modules/memorystream": {
      "version": "0.3.1",
      "resolved": "https://registry.npmjs.org/memorystream/-/memorystream-0.3.1.tgz",
      "integrity": "sha512-S3UwM3yj5mtUSEfP41UZmt/0SCoVYUcU1rkXv+BQ5Ig8ndL4sPoJNBUJERafdPb5jjHJGuMgytgKvKIf58XNBw==",
      "engines": {
        "node": ">= 0.10.0"
      }
    },
    "node_modules/mime-db": {
      "version": "1.52.0",
      "resolved": "https://registry.npmjs.org/mime-db/-/mime-db-1.52.0.tgz",
      "integrity": "sha512-sPU4uV7dYlvtWJxwwxHD0PuihVNiE7TyAbQ5SWxDCB9mUYvOgroQOwYQQOKPJ8CIbE+1ETVlOoK1UC2nU3gYvg==",
      "engines": {
        "node": ">= 0.6"
      }
    },
    "node_modules/mime-types": {
      "version": "2.1.35",
      "resolved": "https://registry.npmjs.org/mime-types/-/mime-types-2.1.35.tgz",
      "integrity": "sha512-ZDY+bPm5zTTF+YpCrAU9nK0UgICYPT0QtT1NZWFv4s++TNkcgVaT0g6+4R2uI4MjQjzysHB1zxuWL50hzaeXiw==",
      "dependencies": {
        "mime-db": "1.52.0"
      },
      "engines": {
        "node": ">= 0.6"
      }
    },
    "node_modules/ms": {
      "version": "2.1.2",
      "resolved": "https://registry.npmjs.org/ms/-/ms-2.1.2.tgz",
      "integrity": "sha512-sGkPx+VjMtmA6MX27oA4FBFELFCZZ4S4XqeGOXCv68tT+jb3vk/RyaKWP0PTKyWtmLSM0b+adUTEvbs1PEaH2w=="
    },
    "node_modules/node-addon-api": {
      "version": "5.1.0",
      "resolved": "https://registry.npmjs.org/node-addon-api/-/node-addon-api-5.1.0.tgz",
      "integrity": "sha512-eh0GgfEkpnoWDq+VY8OyvYhFEzBk6jIYbRKdIlyTiAXIVJ8PyBaKb0rp7oDtoddbdoHWhq8wwr+XZ81F1rpNdA=="
    },
    "node_modules/os-tmpdir": {
      "version": "1.0.2",
      "resolved": "https://registry.npmjs.org/os-tmpdir/-/os-tmpdir-1.0.2.tgz",
      "integrity": "sha512-D2FR03Vir7FIu45XBY20mTb+/ZSWB00sjU9jdQXt83gDrI4Ztz5Fs7/yy74g2N5SVQY4xY1qDr4rNddwYRVX0g==",
      "engines": {
        "node": ">=0.10.0"
      }
    },
    "node_modules/proxy-from-env": {
      "version": "1.1.0",
      "resolved": "https://registry.npmjs.org/proxy-from-env/-/proxy-from-env-1.1.0.tgz",
      "integrity": "sha512-D+zkORCbA9f1tdWRK0RaCR3GPv50cMxcrz4X8k5LTSUD1Dkw47mKJEZQNunItRTkWwgtaUSo1RVFRIG9ZXiFYg=="
    },
    "node_modules/readable-stream": {
      "version": "3.6.2",
      "resolved": "https://registry.npmjs.org/readable-stream/-/readable-stream-3.6.2.tgz",
      "integrity": "sha512-9u/sniCrY3D5WdsERHzHE4G2YCXqoG5FTHUiCC4SIbr6XcLZBY05ya9EKjYek9O5xOAwjGq+1JdGBAS7Q9ScoA==",
      "dependencies": {
        "inherits": "^2.0.3",
        "string_decoder": "^1.1.1",
        "util-deprecate": "^1.0.1"
      },
      "engines": {
        "node": ">= 6"
      }
    },
    "node_modules/rust-verkle-wasm": {
      "version": "0.0.1",
      "resolved": "https://registry.npmjs.org/rust-verkle-wasm/-/rust-verkle-wasm-0.0.1.tgz",
      "integrity": "sha512-BN6fiTsxcd2dCECz/cHtGTt9cdLJR925nh7iAuRcj8ymKw7OOaPmCneQZ7JePOJ/ia27TjEL91VdOi88Yf+mcA=="
    },
    "node_modules/rustbn-wasm": {
      "version": "0.2.0",
      "resolved": "https://registry.npmjs.org/rustbn-wasm/-/rustbn-wasm-0.2.0.tgz",
      "integrity": "sha512-FThvYFNTqrEKGqXuseeg0zR7yROh/6U1617mCHF68OVqrN1tNKRN7Tdwy4WayPVsCmmK+eMxtIZX1qL6JxTkMg==",
      "dependencies": {
        "@scure/base": "^1.1.1"
      }
    },
    "node_modules/safe-buffer": {
      "version": "5.1.2",
      "resolved": "https://registry.npmjs.org/safe-buffer/-/safe-buffer-5.1.2.tgz",
      "integrity": "sha512-Gd2UZBJDkXlY7GbJxfsE8/nvKkUEU1G38c1siN6QP6a9PT9MmHB8GnpscSmMJSoF8LOIrt8ud/wPtojys4G6+g=="
    },
    "node_modules/semver": {
      "version": "5.7.2",
      "resolved": "https://registry.npmjs.org/semver/-/semver-5.7.2.tgz",
      "integrity": "sha512-cBznnQ9KjJqU67B52RMC65CMarK2600WFnbkcaiwWq3xy/5haFJlshgnpjovMVJ+Hff49d8GEn0b87C5pDQ10g==",
      "bin": {
        "semver": "bin/semver"
      }
    },
    "node_modules/solc": {
      "version": "0.8.25",
      "resolved": "https://registry.npmjs.org/solc/-/solc-0.8.25.tgz",
      "integrity": "sha512-7P0TF8gPeudl1Ko3RGkyY6XVCxe2SdD/qQhtns1vl3yAbK/PDifKDLHGtx1t7mX3LgR7ojV7Fg/Kc6Q9D2T8UQ==",
      "dependencies": {
        "command-exists": "^1.2.8",
        "commander": "^8.1.0",
        "follow-redirects": "^1.12.1",
        "js-sha3": "0.8.0",
        "memorystream": "^0.3.1",
        "semver": "^5.5.0",
        "tmp": "0.0.33"
      },
      "bin": {
        "solcjs": "solc.js"
      },
      "engines": {
        "node": ">=10.0.0"
      }
    },
    "node_modules/string_decoder": {
      "version": "1.3.0",
      "resolved": "https://registry.npmjs.org/string_decoder/-/string_decoder-1.3.0.tgz",
      "integrity": "sha512-hkRX8U1WjJFd8LsDJ2yQ/wWWxaopEsABU1XfkM8A+j0+85JAGppt16cr1Whg6KIbb4okU6Mql6BOj+uup/wKeA==",
      "dependencies": {
        "safe-buffer": "~5.2.0"
      }
    },
    "node_modules/string_decoder/node_modules/safe-buffer": {
      "version": "5.2.1",
      "resolved": "https://registry.npmjs.org/safe-buffer/-/safe-buffer-5.2.1.tgz",
      "integrity": "sha512-rp3So07KcdmmKbGvgaNxQSJr7bGVSVk5S9Eq1F+ppbRo70+YeaDxkw5Dd8NPN+GD6bjnYm2VuPuCXmpuYvmCXQ==",
      "funding": [
        {
          "type": "github",
          "url": "https://github.com/sponsors/feross"
        },
        {
          "type": "patreon",
          "url": "https://www.patreon.com/feross"
        },
        {
          "type": "consulting",
          "url": "https://feross.org/support"
        }
      ]
    },
    "node_modules/tmp": {
      "version": "0.0.33",
      "resolved": "https://registry.npmjs.org/tmp/-/tmp-0.0.33.tgz",
      "integrity": "sha512-jRCJlojKnZ3addtTOjdIqoRuPEKBvNXcGYqzO6zWZX8KfKEpnGY5jfggJQ3EjKuu8D4bJRr0y+cYJFmYbImXGw==",
      "dependencies": {
        "os-tmpdir": "~1.0.2"
      },
      "engines": {
        "node": ">=0.6.0"
      }
    },
    "node_modules/tslib": {
      "version": "2.4.0",
      "resolved": "https://registry.npmjs.org/tslib/-/tslib-2.4.0.tgz",
      "integrity": "sha512-d6xOpEDfsi2CZVlPQzGeux8XMwLT9hssAsaPYExaQMuYskwb+x1x7J371tWlbBdWHroy99KnVB6qIkUbs5X3UQ=="
    },
    "node_modules/undici-types": {
      "version": "5.26.5",
      "resolved": "https://registry.npmjs.org/undici-types/-/undici-types-5.26.5.tgz",
      "integrity": "sha512-JlCMO+ehdEIKqlFxk6IfVoAUVmgz7cU7zD/h9XZ0qzeosSHmUJVOzSQvvYSYWXkFXC+IfLKSIffhv0sVZup6pA=="
    },
    "node_modules/util-deprecate": {
      "version": "1.0.2",
      "resolved": "https://registry.npmjs.org/util-deprecate/-/util-deprecate-1.0.2.tgz",
      "integrity": "sha512-EPD5q1uXyFxJpCrLnCc1nHnq3gOa6DZBocAIiI2TaSCA7VCJ1UJDMagCzIkXNsUYfD1daK//LTEQ8xiIbrHtcw=="
    },
    "node_modules/ws": {
      "version": "8.5.0",
      "resolved": "https://registry.npmjs.org/ws/-/ws-8.5.0.tgz",
      "integrity": "sha512-BWX0SWVgLPzYwF8lTzEy1egjhS4S4OEAHfsO8o65WOVsrnSRGaSiUaa9e0ggGlkMTtBlmOpEXiie9RUcBO86qg==",
      "engines": {
        "node": ">=10.0.0"
      },
      "peerDependencies": {
        "bufferutil": "^4.0.1",
        "utf-8-validate": "^5.0.2"
      },
      "peerDependenciesMeta": {
        "bufferutil": {
          "optional": true
        },
        "utf-8-validate": {
          "optional": true
        }
      }
    }
  }
}
